
Microsoft Visual Studio Solution File, Format Version 12.00
# Visual Studio Version 17
VisualStudioVersion = 17.5.33627.172
MinimumVisualStudioVersion = 10.0.40219.1
Project("{9A19103F-16F7-4668-BE54-9A1E7A4F7556}") = "Demo_LINQ", "Demo_LINQ\Demo_LINQ.csproj", "{A45F39F3-0230-43A7-97EB-DC193EC9341F}"
EndProject
Global
	GlobalSection(SolutionConfigurationPlatforms) = preSolution
		Debug|Any CPU = Debug|Any CPU
		Release|Any CPU = Release|Any CPU
	EndGlobalSection
	GlobalSection(ProjectConfigurationPlatforms) = postSolution
		{A45F39F3-0230-43A7-97EB-DC193EC9341F}.Debug|Any CPU.ActiveCfg = Debug|Any CPU
		{A45F39F3-0230-43A7-97EB-DC193EC9341F}.Debug|Any CPU.Build.0 = Debug|Any CPU
		{A45F39F3-0230-43A7-97EB-DC193EC9341F}.Release|Any CPU.ActiveCfg = Release|Any CPU
		{A45F39F3-0230-43A7-97EB-DC193EC9341F}.Release|Any CPU.Build.0 = Release|Any CPU
	EndGlobalSection
	GlobalSection(SolutionProperties) = preSolution
		HideSolutionNode = FALSE
	EndGlobalSection
	GlobalSection(ExtensibilityGlobals) = postSolution
		SolutionGuid = {6C6A5196-094E-449F-9077-743DD43081F0}
	EndGlobalSection
EndGlobal
